
Microsoft Visual Studio Solution File, Format Version 12.00
# Visual Studio Version 16
VisualStudioVersion = 16.0.28803.452
MinimumVisualStudioVersion = 10.0.40219.1
Project("{9A19103F-16F7-4668-BE54-9A1E7A4F7556}") = "commonTest", "commonTest\commonTest.csproj", "{0746893B-0214-403A-AA80-AB7F855FB83F}"
EndProject
Project("{FAE04EC0-301F-11D3-BF4B-00C04F79EFBC}") = "common", "common3\common.csproj", "{D62A55EB-6100-464B-AAE4-379E09FA75C6}"
EndProject
Project("{FAE04EC0-301F-11D3-BF4B-00C04F79EFBC}") = "bushAddon", "bushAddon\bushAddon.csproj", "{71D393F3-014C-4733-900E-70429C244B28}"
EndProject
Project("{FAE04EC0-301F-11D3-BF4B-00C04F79EFBC}") = "UNSentityes", "UNSentityes\UNSentityes.csproj", "{B028DA07-A2E2-469D-BF52-1C361D2E81E7}"
EndProject
Project("{FAE04EC0-301F-11D3-BF4B-00C04F79EFBC}") = "UNSDataModel", "C:\Users\Bushmakin\source\repos\UNSDataModel\UNSDataModel\UNSDataModel.csproj", "{C920D378-BDCE-417D-9874-725DD38CC66B}"
EndProject
Global
	GlobalSection(SolutionConfigurationPlatforms) = preSolution
		Debug|Any CPU = Debug|Any CPU
		Release|Any CPU = Release|Any CPU
	EndGlobalSection
	GlobalSection(ProjectConfigurationPlatforms) = postSolution
		{0746893B-0214-403A-AA80-AB7F855FB83F}.Debug|Any CPU.ActiveCfg = Debug|Any CPU
		{0746893B-0214-403A-AA80-AB7F855FB83F}.Debug|Any CPU.Build.0 = Debug|Any CPU
		{0746893B-0214-403A-AA80-AB7F855FB83F}.Release|Any CPU.ActiveCfg = Release|Any CPU
		{0746893B-0214-403A-AA80-AB7F855FB83F}.Release|Any CPU.Build.0 = Release|Any CPU
		{D62A55EB-6100-464B-AAE4-379E09FA75C6}.Debug|Any CPU.ActiveCfg = Debug|Any CPU
		{D62A55EB-6100-464B-AAE4-379E09FA75C6}.Debug|Any CPU.Build.0 = Debug|Any CPU
		{D62A55EB-6100-464B-AAE4-379E09FA75C6}.Release|Any CPU.ActiveCfg = Release|Any CPU
		{D62A55EB-6100-464B-AAE4-379E09FA75C6}.Release|Any CPU.Build.0 = Release|Any CPU
		{71D393F3-014C-4733-900E-70429C244B28}.Debug|Any CPU.ActiveCfg = Debug|Any CPU
		{71D393F3-014C-4733-900E-70429C244B28}.Debug|Any CPU.Build.0 = Debug|Any CPU
		{71D393F3-014C-4733-900E-70429C244B28}.Release|Any CPU.ActiveCfg = Release|Any CPU
		{71D393F3-014C-4733-900E-70429C244B28}.Release|Any CPU.Build.0 = Release|Any CPU
		{B028DA07-A2E2-469D-BF52-1C361D2E81E7}.Debug|Any CPU.ActiveCfg = Debug|Any CPU
		{B028DA07-A2E2-469D-BF52-1C361D2E81E7}.Debug|Any CPU.Build.0 = Debug|Any CPU
		{B028DA07-A2E2-469D-BF52-1C361D2E81E7}.Release|Any CPU.ActiveCfg = Release|Any CPU
		{B028DA07-A2E2-469D-BF52-1C361D2E81E7}.Release|Any CPU.Build.0 = Release|Any CPU
		{C920D378-BDCE-417D-9874-725DD38CC66B}.Debug|Any CPU.ActiveCfg = Debug|Any CPU
		{C920D378-BDCE-417D-9874-725DD38CC66B}.Debug|Any CPU.Build.0 = Debug|Any CPU
		{C920D378-BDCE-417D-9874-725DD38CC66B}.Release|Any CPU.ActiveCfg = Release|Any CPU
		{C920D378-BDCE-417D-9874-725DD38CC66B}.Release|Any CPU.Build.0 = Release|Any CPU
	EndGlobalSection
	GlobalSection(SolutionProperties) = preSolution
		HideSolutionNode = FALSE
	EndGlobalSection
	GlobalSection(ExtensibilityGlobals) = postSolution
		SolutionGuid = {48952C11-360B-4528-9BFD-6AD3E26E8B98}
	EndGlobalSection
EndGlobal
