
Microsoft Visual Studio Solution File, Format Version 12.00
# Visual Studio Version 16
VisualStudioVersion = 16.0.28803.452
MinimumVisualStudioVersion = 10.0.40219.1
Project("{FAE04EC0-301F-11D3-BF4B-00C04F79EFBC}") = "common", "common3\common.csproj", "{D62A55EB-6100-464B-AAE4-379E09FA75C6}"
EndProject
Project("{FAE04EC0-301F-11D3-BF4B-00C04F79EFBC}") = "bushAddon", "bushAddon\bushAddon.csproj", "{71D393F3-014C-4733-900E-70429C244B28}"
EndProject
Project("{FAE04EC0-301F-11D3-BF4B-00C04F79EFBC}") = "UNSData", "UNSentityes\UNSData.csproj", "{B028DA07-A2E2-469D-BF52-1C361D2E81E7}"
EndProject
Project("{FAE04EC0-301F-11D3-BF4B-00C04F79EFBC}") = "UnitTestCommon", "UnitTestCommon\UnitTestCommon.csproj", "{6B3FA7C2-E418-4D03-B2AD-0F509C280050}"
EndProject
Project("{FAE04EC0-301F-11D3-BF4B-00C04F79EFBC}") = "Test1", "Test1\Test1.csproj", "{A20F3BC4-54FC-40BB-93B8-97F61745346F}"
EndProject
Project("{FAE04EC0-301F-11D3-BF4B-00C04F79EFBC}") = "Utility", "..\Utility\Utility\Utility.csproj", "{4B9DBD55-4027-49C7-8CCA-118B452CFC25}"
EndProject
Global
	GlobalSection(SolutionConfigurationPlatforms) = preSolution
		Debug|Any CPU = Debug|Any CPU
		Debug|x64 = Debug|x64
		Debug|x86 = Debug|x86
		Release|Any CPU = Release|Any CPU
		Release|x64 = Release|x64
		Release|x86 = Release|x86
	EndGlobalSection
	GlobalSection(ProjectConfigurationPlatforms) = postSolution
		{D62A55EB-6100-464B-AAE4-379E09FA75C6}.Debug|Any CPU.ActiveCfg = Debug|Any CPU
		{D62A55EB-6100-464B-AAE4-379E09FA75C6}.Debug|Any CPU.Build.0 = Debug|Any CPU
		{D62A55EB-6100-464B-AAE4-379E09FA75C6}.Debug|x64.ActiveCfg = Debug|x64
		{D62A55EB-6100-464B-AAE4-379E09FA75C6}.Debug|x64.Build.0 = Debug|x64
		{D62A55EB-6100-464B-AAE4-379E09FA75C6}.Debug|x86.ActiveCfg = Debug|x86
		{D62A55EB-6100-464B-AAE4-379E09FA75C6}.Debug|x86.Build.0 = Debug|x86
		{D62A55EB-6100-464B-AAE4-379E09FA75C6}.Release|Any CPU.ActiveCfg = Release|Any CPU
		{D62A55EB-6100-464B-AAE4-379E09FA75C6}.Release|Any CPU.Build.0 = Release|Any CPU
		{D62A55EB-6100-464B-AAE4-379E09FA75C6}.Release|x64.ActiveCfg = Release|x64
		{D62A55EB-6100-464B-AAE4-379E09FA75C6}.Release|x64.Build.0 = Release|x64
		{D62A55EB-6100-464B-AAE4-379E09FA75C6}.Release|x86.ActiveCfg = Release|x86
		{D62A55EB-6100-464B-AAE4-379E09FA75C6}.Release|x86.Build.0 = Release|x86
		{71D393F3-014C-4733-900E-70429C244B28}.Debug|Any CPU.ActiveCfg = Debug|Any CPU
		{71D393F3-014C-4733-900E-70429C244B28}.Debug|Any CPU.Build.0 = Debug|Any CPU
		{71D393F3-014C-4733-900E-70429C244B28}.Debug|x64.ActiveCfg = Debug|x64
		{71D393F3-014C-4733-900E-70429C244B28}.Debug|x64.Build.0 = Debug|x64
		{71D393F3-014C-4733-900E-70429C244B28}.Debug|x86.ActiveCfg = Debug|x86
		{71D393F3-014C-4733-900E-70429C244B28}.Debug|x86.Build.0 = Debug|x86
		{71D393F3-014C-4733-900E-70429C244B28}.Release|Any CPU.ActiveCfg = Release|Any CPU
		{71D393F3-014C-4733-900E-70429C244B28}.Release|Any CPU.Build.0 = Release|Any CPU
		{71D393F3-014C-4733-900E-70429C244B28}.Release|x64.ActiveCfg = Release|x64
		{71D393F3-014C-4733-900E-70429C244B28}.Release|x64.Build.0 = Release|x64
		{71D393F3-014C-4733-900E-70429C244B28}.Release|x86.ActiveCfg = Release|x86
		{71D393F3-014C-4733-900E-70429C244B28}.Release|x86.Build.0 = Release|x86
		{B028DA07-A2E2-469D-BF52-1C361D2E81E7}.Debug|Any CPU.ActiveCfg = Debug|Any CPU
		{B028DA07-A2E2-469D-BF52-1C361D2E81E7}.Debug|Any CPU.Build.0 = Debug|Any CPU
		{B028DA07-A2E2-469D-BF52-1C361D2E81E7}.Debug|x64.ActiveCfg = Debug|x64
		{B028DA07-A2E2-469D-BF52-1C361D2E81E7}.Debug|x64.Build.0 = Debug|x64
		{B028DA07-A2E2-469D-BF52-1C361D2E81E7}.Debug|x86.ActiveCfg = Debug|x86
		{B028DA07-A2E2-469D-BF52-1C361D2E81E7}.Debug|x86.Build.0 = Debug|x86
		{B028DA07-A2E2-469D-BF52-1C361D2E81E7}.Release|Any CPU.ActiveCfg = Release|Any CPU
		{B028DA07-A2E2-469D-BF52-1C361D2E81E7}.Release|Any CPU.Build.0 = Release|Any CPU
		{B028DA07-A2E2-469D-BF52-1C361D2E81E7}.Release|x64.ActiveCfg = Release|x64
		{B028DA07-A2E2-469D-BF52-1C361D2E81E7}.Release|x64.Build.0 = Release|x64
		{B028DA07-A2E2-469D-BF52-1C361D2E81E7}.Release|x86.ActiveCfg = Release|x86
		{B028DA07-A2E2-469D-BF52-1C361D2E81E7}.Release|x86.Build.0 = Release|x86
		{6B3FA7C2-E418-4D03-B2AD-0F509C280050}.Debug|Any CPU.ActiveCfg = Debug|Any CPU
		{6B3FA7C2-E418-4D03-B2AD-0F509C280050}.Debug|Any CPU.Build.0 = Debug|Any CPU
		{6B3FA7C2-E418-4D03-B2AD-0F509C280050}.Debug|x64.ActiveCfg = Debug|x64
		{6B3FA7C2-E418-4D03-B2AD-0F509C280050}.Debug|x64.Build.0 = Debug|x64
		{6B3FA7C2-E418-4D03-B2AD-0F509C280050}.Debug|x86.ActiveCfg = Debug|x86
		{6B3FA7C2-E418-4D03-B2AD-0F509C280050}.Debug|x86.Build.0 = Debug|x86
		{6B3FA7C2-E418-4D03-B2AD-0F509C280050}.Release|Any CPU.ActiveCfg = Release|Any CPU
		{6B3FA7C2-E418-4D03-B2AD-0F509C280050}.Release|Any CPU.Build.0 = Release|Any CPU
		{6B3FA7C2-E418-4D03-B2AD-0F509C280050}.Release|x64.ActiveCfg = Release|x64
		{6B3FA7C2-E418-4D03-B2AD-0F509C280050}.Release|x64.Build.0 = Release|x64
		{6B3FA7C2-E418-4D03-B2AD-0F509C280050}.Release|x86.ActiveCfg = Release|x86
		{6B3FA7C2-E418-4D03-B2AD-0F509C280050}.Release|x86.Build.0 = Release|x86
		{A20F3BC4-54FC-40BB-93B8-97F61745346F}.Debug|Any CPU.ActiveCfg = Debug|Any CPU
		{A20F3BC4-54FC-40BB-93B8-97F61745346F}.Debug|Any CPU.Build.0 = Debug|Any CPU
		{A20F3BC4-54FC-40BB-93B8-97F61745346F}.Debug|x64.ActiveCfg = Debug|x64
		{A20F3BC4-54FC-40BB-93B8-97F61745346F}.Debug|x64.Build.0 = Debug|x64
		{A20F3BC4-54FC-40BB-93B8-97F61745346F}.Debug|x86.ActiveCfg = Debug|x86
		{A20F3BC4-54FC-40BB-93B8-97F61745346F}.Debug|x86.Build.0 = Debug|x86
		{A20F3BC4-54FC-40BB-93B8-97F61745346F}.Release|Any CPU.ActiveCfg = Release|Any CPU
		{A20F3BC4-54FC-40BB-93B8-97F61745346F}.Release|Any CPU.Build.0 = Release|Any CPU
		{A20F3BC4-54FC-40BB-93B8-97F61745346F}.Release|x64.ActiveCfg = Release|x64
		{A20F3BC4-54FC-40BB-93B8-97F61745346F}.Release|x64.Build.0 = Release|x64
		{A20F3BC4-54FC-40BB-93B8-97F61745346F}.Release|x86.ActiveCfg = Release|x86
		{A20F3BC4-54FC-40BB-93B8-97F61745346F}.Release|x86.Build.0 = Release|x86
		{4B9DBD55-4027-49C7-8CCA-118B452CFC25}.Debug|Any CPU.ActiveCfg = Debug|Any CPU
		{4B9DBD55-4027-49C7-8CCA-118B452CFC25}.Debug|Any CPU.Build.0 = Debug|Any CPU
		{4B9DBD55-4027-49C7-8CCA-118B452CFC25}.Debug|x64.ActiveCfg = Debug|x64
		{4B9DBD55-4027-49C7-8CCA-118B452CFC25}.Debug|x64.Build.0 = Debug|x64
		{4B9DBD55-4027-49C7-8CCA-118B452CFC25}.Debug|x86.ActiveCfg = Debug|x86
		{4B9DBD55-4027-49C7-8CCA-118B452CFC25}.Debug|x86.Build.0 = Debug|x86
		{4B9DBD55-4027-49C7-8CCA-118B452CFC25}.Release|Any CPU.ActiveCfg = Release|Any CPU
		{4B9DBD55-4027-49C7-8CCA-118B452CFC25}.Release|Any CPU.Build.0 = Release|Any CPU
		{4B9DBD55-4027-49C7-8CCA-118B452CFC25}.Release|x64.ActiveCfg = Release|x64
		{4B9DBD55-4027-49C7-8CCA-118B452CFC25}.Release|x64.Build.0 = Release|x64
		{4B9DBD55-4027-49C7-8CCA-118B452CFC25}.Release|x86.ActiveCfg = Release|x86
		{4B9DBD55-4027-49C7-8CCA-118B452CFC25}.Release|x86.Build.0 = Release|x86
	EndGlobalSection
	GlobalSection(SolutionProperties) = preSolution
		HideSolutionNode = FALSE
	EndGlobalSection
	GlobalSection(ExtensibilityGlobals) = postSolution
		SolutionGuid = {48952C11-360B-4528-9BFD-6AD3E26E8B98}
	EndGlobalSection
EndGlobal
